
Microsoft Visual Studio Solution File, Format Version 12.00
# Visual Studio Version 17
VisualStudioVersion = 17.2.32519.379
MinimumVisualStudioVersion = 10.0.40219.1
Project("{FAE04EC0-301F-11D3-BF4B-00C04F79EFBC}") = "JWTToken", "JWTToken\JWTToken.csproj", "{EA3B4DF0-CB21-4E7E-A44B-3B700795F0EF}"
EndProject
Global
	GlobalSection(SolutionConfigurationPlatforms) = preSolution
		Debug|Any CPU = Debug|Any CPU
		Release|Any CPU = Release|Any CPU
	EndGlobalSection
	GlobalSection(ProjectConfigurationPlatforms) = postSolution
		{EA3B4DF0-CB21-4E7E-A44B-3B700795F0EF}.Debug|Any CPU.ActiveCfg = Debug|Any CPU
		{EA3B4DF0-CB21-4E7E-A44B-3B700795F0EF}.Debug|Any CPU.Build.0 = Debug|Any CPU
		{EA3B4DF0-CB21-4E7E-A44B-3B700795F0EF}.Release|Any CPU.ActiveCfg = Release|Any CPU
		{EA3B4DF0-CB21-4E7E-A44B-3B700795F0EF}.Release|Any CPU.Build.0 = Release|Any CPU
	EndGlobalSection
	GlobalSection(SolutionProperties) = preSolution
		HideSolutionNode = FALSE
	EndGlobalSection
	GlobalSection(ExtensibilityGlobals) = postSolution
		SolutionGuid = {025C04E4-6BF8-4ED5-92FD-6C5F91028AE2}
	EndGlobalSection
EndGlobal
